
Microsoft Visual Studio Solution File, Format Version 12.00
# Visual Studio 15
VisualStudioVersion = 15.0.28307.572
MinimumVisualStudioVersion = 10.0.40219.1
Project("{FAE04EC0-301F-11D3-BF4B-00C04F79EFBC}") = "Mad Gear", "Mad Gear\Mad Gear.csproj", "{22AC20DF-DD5B-4310-8F8A-9F964D958F03}"
EndProject
Global
	GlobalSection(SolutionConfigurationPlatforms) = preSolution
		Debug|Any CPU = Debug|Any CPU
		Release|Any CPU = Release|Any CPU
	EndGlobalSection
	GlobalSection(ProjectConfigurationPlatforms) = postSolution
		{22AC20DF-DD5B-4310-8F8A-9F964D958F03}.Debug|Any CPU.ActiveCfg = Debug|Any CPU
		{22AC20DF-DD5B-4310-8F8A-9F964D958F03}.Debug|Any CPU.Build.0 = Debug|Any CPU
		{22AC20DF-DD5B-4310-8F8A-9F964D958F03}.Release|Any CPU.ActiveCfg = Release|Any CPU
		{22AC20DF-DD5B-4310-8F8A-9F964D958F03}.Release|Any CPU.Build.0 = Release|Any CPU
	EndGlobalSection
	GlobalSection(SolutionProperties) = preSolution
		HideSolutionNode = FALSE
	EndGlobalSection
	GlobalSection(ExtensibilityGlobals) = postSolution
		SolutionGuid = {C7E80E05-4902-4F90-866C-D53B41297D4E}
	EndGlobalSection
EndGlobal
