
Microsoft Visual Studio Solution File, Format Version 12.00
# Visual Studio 15
VisualStudioVersion = 15.0.28307.572
MinimumVisualStudioVersion = 10.0.40219.1
Project("{FAE04EC0-301F-11D3-BF4B-00C04F79EFBC}") = "UniversityClass", "UniversityClass\UniversityClass.csproj", "{5880D44F-6264-47ED-ACB8-F333F54CD1F1}"
EndProject
Global
	GlobalSection(SolutionConfigurationPlatforms) = preSolution
		Debug|Any CPU = Debug|Any CPU
		Release|Any CPU = Release|Any CPU
	EndGlobalSection
	GlobalSection(ProjectConfigurationPlatforms) = postSolution
		{5880D44F-6264-47ED-ACB8-F333F54CD1F1}.Debug|Any CPU.ActiveCfg = Debug|Any CPU
		{5880D44F-6264-47ED-ACB8-F333F54CD1F1}.Debug|Any CPU.Build.0 = Debug|Any CPU
		{5880D44F-6264-47ED-ACB8-F333F54CD1F1}.Release|Any CPU.ActiveCfg = Release|Any CPU
		{5880D44F-6264-47ED-ACB8-F333F54CD1F1}.Release|Any CPU.Build.0 = Release|Any CPU
	EndGlobalSection
	GlobalSection(SolutionProperties) = preSolution
		HideSolutionNode = FALSE
	EndGlobalSection
	GlobalSection(ExtensibilityGlobals) = postSolution
		SolutionGuid = {5FF31F59-4AE3-4580-B96D-E22478F0D597}
	EndGlobalSection
EndGlobal
