
Microsoft Visual Studio Solution File, Format Version 12.00
# Visual Studio 15
VisualStudioVersion = 15.0.28307.572
MinimumVisualStudioVersion = 10.0.40219.1
Project("{FAE04EC0-301F-11D3-BF4B-00C04F79EFBC}") = "Week", "Week\Week.csproj", "{932DBA0B-811A-4301-A8AF-35AD7C1D626B}"
EndProject
Global
	GlobalSection(SolutionConfigurationPlatforms) = preSolution
		Debug|Any CPU = Debug|Any CPU
		Release|Any CPU = Release|Any CPU
	EndGlobalSection
	GlobalSection(ProjectConfigurationPlatforms) = postSolution
		{932DBA0B-811A-4301-A8AF-35AD7C1D626B}.Debug|Any CPU.ActiveCfg = Debug|Any CPU
		{932DBA0B-811A-4301-A8AF-35AD7C1D626B}.Debug|Any CPU.Build.0 = Debug|Any CPU
		{932DBA0B-811A-4301-A8AF-35AD7C1D626B}.Release|Any CPU.ActiveCfg = Release|Any CPU
		{932DBA0B-811A-4301-A8AF-35AD7C1D626B}.Release|Any CPU.Build.0 = Release|Any CPU
	EndGlobalSection
	GlobalSection(SolutionProperties) = preSolution
		HideSolutionNode = FALSE
	EndGlobalSection
	GlobalSection(ExtensibilityGlobals) = postSolution
		SolutionGuid = {7B004CF7-6ACC-4A53-9AA4-55E3EC8691AA}
	EndGlobalSection
EndGlobal
